{
  "name": "Circuit_Breaker",
  "lockfileVersion": 3,
  "requires": true,
  "packages": {
    "": {
      "dependencies": {
        "opossum": "^8.1.3"
      }
    },
    "node_modules/opossum": {
      "version": "8.1.3",
      "resolved": "https://registry.npmjs.org/opossum/-/opossum-8.1.3.tgz",
      "integrity": "sha512-6YPGEVdjO5F5q0Nj5cDpXGlobfj4jXdrPJbA19iIVXV/yshgqdH44eX25rmQcJp90vUg4uyO1IlZLom2HsIyyA==",
      "engines": {
        "node": "^21 || ^20 || ^18 || ^16"
      }
    }
  }
}
